
Microsoft Visual Studio Solution File, Format Version 12.00
# Visual Studio 15
VisualStudioVersion = 15.0.27130.2010
MinimumVisualStudioVersion = 10.0.40219.1
Project("{FAE04EC0-301F-11D3-BF4B-00C04F79EFBC}") = "ReflectionHomeWorkTwo", "ReflectionHomeWorkTwo\ReflectionHomeWorkTwo.csproj", "{EC36DD15-ADD4-41CD-9EA2-9394FC8D9009}"
EndProject
Global
	GlobalSection(SolutionConfigurationPlatforms) = preSolution
		Debug|Any CPU = Debug|Any CPU
		Release|Any CPU = Release|Any CPU
	EndGlobalSection
	GlobalSection(ProjectConfigurationPlatforms) = postSolution
		{EC36DD15-ADD4-41CD-9EA2-9394FC8D9009}.Debug|Any CPU.ActiveCfg = Debug|Any CPU
		{EC36DD15-ADD4-41CD-9EA2-9394FC8D9009}.Debug|Any CPU.Build.0 = Debug|Any CPU
		{EC36DD15-ADD4-41CD-9EA2-9394FC8D9009}.Release|Any CPU.ActiveCfg = Release|Any CPU
		{EC36DD15-ADD4-41CD-9EA2-9394FC8D9009}.Release|Any CPU.Build.0 = Release|Any CPU
	EndGlobalSection
	GlobalSection(SolutionProperties) = preSolution
		HideSolutionNode = FALSE
	EndGlobalSection
	GlobalSection(ExtensibilityGlobals) = postSolution
		SolutionGuid = {DB97D452-1A8F-4A81-96C2-2788160B2480}
	EndGlobalSection
EndGlobal
